// !$*UTF8*$!
{
	archiveVersion = 1;
	classes = {
	};
	objectVersion = 55;
	objects = {

/* Begin PBXBuildFile section */
		B74C18DE28C9D78500E3C5DA /* AppDelegate.swift in Sources */ = {isa = PBXBuildFile; fileRef = B74C18DD28C9D78500E3C5DA /* AppDelegate.swift */; };
		B74C18E028C9D78500E3C5DA /* SceneDelegate.swift in Sources */ = {isa = PBXBuildFile; fileRef = B74C18DF28C9D78500E3C5DA /* SceneDelegate.swift */; };
		B74C18E228C9D78500E3C5DA /* ViewController.swift in Sources */ = {isa = PBXBuildFile; fileRef = B74C18E128C9D78500E3C5DA /* ViewController.swift */; };
		B74C18E528C9D78500E3C5DA /* Main.storyboard in Resources */ = {isa = PBXBuildFile; fileRef = B74C18E328C9D78500E3C5DA /* Main.storyboard */; };
		B74C18E728C9D78500E3C5DA /* Assets.xcassets in Resources */ = {isa = PBXBuildFile; fileRef = B74C18E628C9D78500E3C5DA /* Assets.xcassets */; };
		B74C18EA28C9D78500E3C5DA /* LaunchScreen.storyboard in Resources */ = {isa = PBXBuildFile; fileRef = B74C18E828C9D78500E3C5DA /* LaunchScreen.storyboard */; };
		B74C18F228CA7C4B00E3C5DA /* Post.swift in Sources */ = {isa = PBXBuildFile; fileRef = B74C18F128CA7C4B00E3C5DA /* Post.swift */; };
		B74C18F428CB708900E3C5DA /* NetworkManager.swift in Sources */ = {isa = PBXBuildFile; fileRef = B74C18F328CB708900E3C5DA /* NetworkManager.swift */; };
		B74C18F628CF22F000E3C5DA /* Comments.swift in Sources */ = {isa = PBXBuildFile; fileRef = B74C18F528CF22F000E3C5DA /* Comments.swift */; };
		B74C18FA28D05CF800E3C5DA /* PostTableViewCell.swift in Sources */ = {isa = PBXBuildFile; fileRef = B74C18F828D05CF800E3C5DA /* PostTableViewCell.swift */; };
		B74C18FB28D05CF800E3C5DA /* PostTableViewCell.xib in Resources */ = {isa = PBXBuildFile; fileRef = B74C18F928D05CF800E3C5DA /* PostTableViewCell.xib */; };
/* End PBXBuildFile section */

/* Begin PBXFileReference section */
		B74C18DA28C9D78500E3C5DA /* Networking.app */ = {isa = PBXFileReference; explicitFileType = wrapper.application; includeInIndex = 0; path = Networking.app; sourceTree = BUILT_PRODUCTS_DIR; };
		B74C18DD28C9D78500E3C5DA /* AppDelegate.swift */ = {isa = PBXFileReference; lastKnownFileType = sourcecode.swift; path = AppDelegate.swift; sourceTree = "<group>"; };
		B74C18DF28C9D78500E3C5DA /* SceneDelegate.swift */ = {isa = PBXFileReference; lastKnownFileType = sourcecode.swift; path = SceneDelegate.swift; sourceTree = "<group>"; };
		B74C18E128C9D78500E3C5DA /* ViewController.swift */ = {isa = PBXFileReference; lastKnownFileType = sourcecode.swift; path = ViewController.swift; sourceTree = "<group>"; };
		B74C18E428C9D78500E3C5DA /* Base */ = {isa = PBXFileReference; lastKnownFileType = file.storyboard; name = Base; path = Base.lproj/Main.storyboard; sourceTree = "<group>"; };
		B74C18E628C9D78500E3C5DA /* Assets.xcassets */ = {isa = PBXFileReference; lastKnownFileType = folder.assetcatalog; path = Assets.xcassets; sourceTree = "<group>"; };
		B74C18E928C9D78500E3C5DA /* Base */ = {isa = PBXFileReference; lastKnownFileType = file.storyboard; name = Base; path = Base.lproj/LaunchScreen.storyboard; sourceTree = "<group>"; };
		B74C18EB28C9D78500E3C5DA /* Info.plist */ = {isa = PBXFileReference; lastKnownFileType = text.plist.xml; path = Info.plist; sourceTree = "<group>"; };
		B74C18F128CA7C4B00E3C5DA /* Post.swift */ = {isa = PBXFileReference; lastKnownFileType = sourcecode.swift; path = Post.swift; sourceTree = "<group>"; };
		B74C18F328CB708900E3C5DA /* NetworkManager.swift */ = {isa = PBXFileReference; lastKnownFileType = sourcecode.swift; path = NetworkManager.swift; sourceTree = "<group>"; };
		B74C18F528CF22F000E3C5DA /* Comments.swift */ = {isa = PBXFileReference; lastKnownFileType = sourcecode.swift; path = Comments.swift; sourceTree = "<group>"; };
		B74C18F828D05CF800E3C5DA /* PostTableViewCell.swift */ = {isa = PBXFileReference; lastKnownFileType = sourcecode.swift; path = PostTableViewCell.swift; sourceTree = "<group>"; };
		B74C18F928D05CF800E3C5DA /* PostTableViewCell.xib */ = {isa = PBXFileReference; lastKnownFileType = file.xib; path = PostTableViewCell.xib; sourceTree = "<group>"; };
/* End PBXFileReference section */

/* Begin PBXFrameworksBuildPhase section */
		B74C18D728C9D78500E3C5DA /* Frameworks */ = {
			isa = PBXFrameworksBuildPhase;
			buildActionMask = 2147483647;
			files = (
			);
			runOnlyForDeploymentPostprocessing = 0;
		};
/* End PBXFrameworksBuildPhase section */

/* Begin PBXGroup section */
		B74C18D128C9D78500E3C5DA = {
			isa = PBXGroup;
			children = (
				B74C18DC28C9D78500E3C5DA /* Networking */,
				B74C18DB28C9D78500E3C5DA /* Products */,
			);
			sourceTree = "<group>";
		};
		B74C18DB28C9D78500E3C5DA /* Products */ = {
			isa = PBXGroup;
			children = (
				B74C18DA28C9D78500E3C5DA /* Networking.app */,
			);
			name = Products;
			sourceTree = "<group>";
		};
		B74C18DC28C9D78500E3C5DA /* Networking */ = {
			isa = PBXGroup;
			children = (
				B74C18DD28C9D78500E3C5DA /* AppDelegate.swift */,
				B74C18DF28C9D78500E3C5DA /* SceneDelegate.swift */,
				B74C18E128C9D78500E3C5DA /* ViewController.swift */,
				B74C18F828D05CF800E3C5DA /* PostTableViewCell.swift */,
				B74C18F928D05CF800E3C5DA /* PostTableViewCell.xib */,
				B74C18F728D05CBE00E3C5DA /* Model */,
				B74C18F328CB708900E3C5DA /* NetworkManager.swift */,
				B74C18E328C9D78500E3C5DA /* Main.storyboard */,
				B74C18E628C9D78500E3C5DA /* Assets.xcassets */,
				B74C18E828C9D78500E3C5DA /* LaunchScreen.storyboard */,
				B74C18EB28C9D78500E3C5DA /* Info.plist */,
			);
			path = Networking;
			sourceTree = "<group>";
		};
		B74C18F728D05CBE00E3C5DA /* Model */ = {
			isa = PBXGroup;
			children = (
				B74C18F528CF22F000E3C5DA /* Comments.swift */,
				B74C18F128CA7C4B00E3C5DA /* Post.swift */,
			);
			path = Model;
			sourceTree = "<group>";
		};
/* End PBXGroup section */

/* Begin PBXNativeTarget section */
		B74C18D928C9D78500E3C5DA /* Networking */ = {
			isa = PBXNativeTarget;
			buildConfigurationList = B74C18EE28C9D78500E3C5DA /* Build configuration list for PBXNativeTarget "Networking" */;
			buildPhases = (
				B74C18D628C9D78500E3C5DA /* Sources */,
				B74C18D728C9D78500E3C5DA /* Frameworks */,
				B74C18D828C9D78500E3C5DA /* Resources */,
			);
			buildRules = (
			);
			dependencies = (
			);
			name = Networking;
			productName = Networking;
			productReference = B74C18DA28C9D78500E3C5DA /* Networking.app */;
			productType = "com.apple.product-type.application";
		};
/* End PBXNativeTarget section */

/* Begin PBXProject section */
		B74C18D228C9D78500E3C5DA /* Project object */ = {
			isa = PBXProject;
			attributes = {
				BuildIndependentTargetsInParallel = 1;
				LastSwiftUpdateCheck = 1340;
				LastUpgradeCheck = 1340;
				TargetAttributes = {
					B74C18D928C9D78500E3C5DA = {
						CreatedOnToolsVersion = 13.4.1;
					};
				};
			};
			buildConfigurationList = B74C18D528C9D78500E3C5DA /* Build configuration list for PBXProject "Networking" */;
			compatibilityVersion = "Xcode 13.0";
			developmentRegion = en;
			hasScannedForEncodings = 0;
			knownRegions = (
				en,
				Base,
			);
			mainGroup = B74C18D128C9D78500E3C5DA;
			productRefGroup = B74C18DB28C9D78500E3C5DA /* Products */;
			projectDirPath = "";
			projectRoot = "";
			targets = (
				B74C18D928C9D78500E3C5DA /* Networking */,
			);
		};
/* End PBXProject section */

/* Begin PBXResourcesBuildPhase section */
		B74C18D828C9D78500E3C5DA /* Resources */ = {
			isa = PBXResourcesBuildPhase;
			buildActionMask = 2147483647;
			files = (
				B74C18EA28C9D78500E3C5DA /* LaunchScreen.storyboard in Resources */,
				B74C18FB28D05CF800E3C5DA /* PostTableViewCell.xib in Resources */,
				B74C18E728C9D78500E3C5DA /* Assets.xcassets in Resources */,
				B74C18E528C9D78500E3C5DA /* Main.storyboard in Resources */,
			);
			runOnlyForDeploymentPostprocessing = 0;
		};
/* End PBXResourcesBuildPhase section */

/* Begin PBXSourcesBuildPhase section */
		B74C18D628C9D78500E3C5DA /* Sources */ = {
			isa = PBXSourcesBuildPhase;
			buildActionMask = 2147483647;
			files = (
				B74C18FA28D05CF800E3C5DA /* PostTableViewCell.swift in Sources */,
				B74C18E228C9D78500E3C5DA /* ViewController.swift in Sources */,
				B74C18F228CA7C4B00E3C5DA /* Post.swift in Sources */,
				B74C18F428CB708900E3C5DA /* NetworkManager.swift in Sources */,
				B74C18DE28C9D78500E3C5DA /* AppDelegate.swift in Sources */,
				B74C18E028C9D78500E3C5DA /* SceneDelegate.swift in Sources */,
				B74C18F628CF22F000E3C5DA /* Comments.swift in Sources */,
			);
			runOnlyForDeploymentPostprocessing = 0;
		};
/* End PBXSourcesBuildPhase section */

/* Begin PBXVariantGroup section */
		B74C18E328C9D78500E3C5DA /* Main.storyboard */ = {
			isa = PBXVariantGroup;
			children = (
				B74C18E428C9D78500E3C5DA /* Base */,
			);
			name = Main.storyboard;
			sourceTree = "<group>";
		};
		B74C18E828C9D78500E3C5DA /* LaunchScreen.storyboard */ = {
			isa = PBXVariantGroup;
			children = (
				B74C18E928C9D78500E3C5DA /* Base */,
			);
			name = LaunchScreen.storyboard;
			sourceTree = "<group>";
		};
/* End PBXVariantGroup section */

/* Begin XCBuildConfiguration section */
		B74C18EC28C9D78500E3C5DA /* Debug */ = {
			isa = XCBuildConfiguration;
			buildSettings = {
				ALWAYS_SEARCH_USER_PATHS = NO;
				CLANG_ANALYZER_NONNULL = YES;
				CLANG_ANALYZER_NUMBER_OBJECT_CONVERSION = YES_AGGRESSIVE;
				CLANG_CXX_LANGUAGE_STANDARD = "gnu++17";
				CLANG_ENABLE_MODULES = YES;
				CLANG_ENABLE_OBJC_ARC = YES;
				CLANG_ENABLE_OBJC_WEAK = YES;
				CLANG_WARN_BLOCK_CAPTURE_AUTORELEASING = YES;
				CLANG_WARN_BOOL_CONVERSION = YES;
				CLANG_WARN_COMMA = YES;
				CLANG_WARN_CONSTANT_CONVERSION = YES;
				CLANG_WARN_DEPRECATED_OBJC_IMPLEMENTATIONS = YES;
				CLANG_WARN_DIRECT_OBJC_ISA_USAGE = YES_ERROR;
				CLANG_WARN_DOCUMENTATION_COMMENTS = YES;
				CLANG_WARN_EMPTY_BODY = YES;
				CLANG_WARN_ENUM_CONVERSION = YES;
				CLANG_WARN_INFINITE_RECURSION = YES;
				CLANG_WARN_INT_CONVERSION = YES;
				CLANG_WARN_NON_LITERAL_NULL_CONVERSION = YES;
				CLANG_WARN_OBJC_IMPLICIT_RETAIN_SELF = YES;
				CLANG_WARN_OBJC_LITERAL_CONVERSION = YES;
				CLANG_WARN_OBJC_ROOT_CLASS = YES_ERROR;
				CLANG_WARN_QUOTED_INCLUDE_IN_FRAMEWORK_HEADER = YES;
				CLANG_WARN_RANGE_LOOP_ANALYSIS = YES;
				CLANG_WARN_STRICT_PROTOTYPES = YES;
				CLANG_WARN_SUSPICIOUS_MOVE = YES;
				CLANG_WARN_UNGUARDED_AVAILABILITY = YES_AGGRESSIVE;
				CLANG_WARN_UNREACHABLE_CODE = YES;
				CLANG_WARN__DUPLICATE_METHOD_MATCH = YES;
				COPY_PHASE_STRIP = NO;
				DEBUG_INFORMATION_FORMAT = dwarf;
				ENABLE_STRICT_OBJC_MSGSEND = YES;
				ENABLE_TESTABILITY = YES;
				GCC_C_LANGUAGE_STANDARD = gnu11;
				GCC_DYNAMIC_NO_PIC = NO;
				GCC_NO_COMMON_BLOCKS = YES;
				GCC_OPTIMIZATION_LEVEL = 0;
				GCC_PREPROCESSOR_DEFINITIONS = (
					"DEBUG=1",
					"$(inherited)",
				);
				GCC_WARN_64_TO_32_BIT_CONVERSION = YES;
				GCC_WARN_ABOUT_RETURN_TYPE = YES_ERROR;
				GCC_WARN_UNDECLARED_SELECTOR = YES;
				GCC_WARN_UNINITIALIZED_AUTOS = YES_AGGRESSIVE;
				GCC_WARN_UNUSED_FUNCTION = YES;
				GCC_WARN_UNUSED_VARIABLE = YES;
				IPHONEOS_DEPLOYMENT_TARGET = 15.5;
				MTL_ENABLE_DEBUG_INFO = INCLUDE_SOURCE;
				MTL_FAST_MATH = YES;
				ONLY_ACTIVE_ARCH = YES;
				SDKROOT = iphoneos;
				SWIFT_ACTIVE_COMPILATION_CONDITIONS = DEBUG;
				SWIFT_OPTIMIZATION_LEVEL = "-Onone";
			};
			name = Debug;
		};
		B74C18ED28C9D78500E3C5DA /* Release */ = {
			isa = XCBuildConfiguration;
			buildSettings = {
				ALWAYS_SEARCH_USER_PATHS = NO;
				CLANG_ANALYZER_NONNULL = YES;
				CLANG_ANALYZER_NUMBER_OBJECT_CONVERSION = YES_AGGRESSIVE;
				CLANG_CXX_LANGUAGE_STANDARD = "gnu++17";
				CLANG_ENABLE_MODULES = YES;
				CLANG_ENABLE_OBJC_ARC = YES;
				CLANG_ENABLE_OBJC_WEAK = YES;
				CLANG_WARN_BLOCK_CAPTURE_AUTORELEASING = YES;
				CLANG_WARN_BOOL_CONVERSION = YES;
				CLANG_WARN_COMMA = YES;
				CLANG_WARN_CONSTANT_CONVERSION = YES;
				CLANG_WARN_DEPRECATED_OBJC_IMPLEMENTATIONS = YES;
				CLANG_WARN_DIRECT_OBJC_ISA_USAGE = YES_ERROR;
				CLANG_WARN_DOCUMENTATION_COMMENTS = YES;
				CLANG_WARN_EMPTY_BODY = YES;
				CLANG_WARN_ENUM_CONVERSION = YES;
				CLANG_WARN_INFINITE_RECURSION = YES;
				CLANG_WARN_INT_CONVERSION = YES;
				CLANG_WARN_NON_LITERAL_NULL_CONVERSION = YES;
				CLANG_WARN_OBJC_IMPLICIT_RETAIN_SELF = YES;
				CLANG_WARN_OBJC_LITERAL_CONVERSION = YES;
				CLANG_WARN_OBJC_ROOT_CLASS = YES_ERROR;
				CLANG_WARN_QUOTED_INCLUDE_IN_FRAMEWORK_HEADER = YES;
				CLANG_WARN_RANGE_LOOP_ANALYSIS = YES;
				CLANG_WARN_STRICT_PROTOTYPES = YES;
				CLANG_WARN_SUSPICIOUS_MOVE = YES;
				CLANG_WARN_UNGUARDED_AVAILABILITY = YES_AGGRESSIVE;
				CLANG_WARN_UNREACHABLE_CODE = YES;
				CLANG_WARN__DUPLICATE_METHOD_MATCH = YES;
				COPY_PHASE_STRIP = NO;
				DEBUG_INFORMATION_FORMAT = "dwarf-with-dsym";
				ENABLE_NS_ASSERTIONS = NO;
				ENABLE_STRICT_OBJC_MSGSEND = YES;
				GCC_C_LANGUAGE_STANDARD = gnu11;
				GCC_NO_COMMON_BLOCKS = YES;
				GCC_WARN_64_TO_32_BIT_CONVERSION = YES;
				GCC_WARN_ABOUT_RETURN_TYPE = YES_ERROR;
				GCC_WARN_UNDECLARED_SELECTOR = YES;
				GCC_WARN_UNINITIALIZED_AUTOS = YES_AGGRESSIVE;
				GCC_WARN_UNUSED_FUNCTION = YES;
				GCC_WARN_UNUSED_VARIABLE = YES;
				IPHONEOS_DEPLOYMENT_TARGET = 15.5;
				MTL_ENABLE_DEBUG_INFO = NO;
				MTL_FAST_MATH = YES;
				SDKROOT = iphoneos;
				SWIFT_COMPILATION_MODE = wholemodule;
				SWIFT_OPTIMIZATION_LEVEL = "-O";
				VALIDATE_PRODUCT = YES;
			};
			name = Release;
		};
		B74C18EF28C9D78500E3C5DA /* Debug */ = {
			isa = XCBuildConfiguration;
			buildSettings = {
				ASSETCATALOG_COMPILER_APPICON_NAME = AppIcon;
				ASSETCATALOG_COMPILER_GLOBAL_ACCENT_COLOR_NAME = AccentColor;
				CODE_SIGN_STYLE = Automatic;
				CURRENT_PROJECT_VERSION = 1;
				DEVELOPMENT_TEAM = CB4JMU4R2F;
				GENERATE_INFOPLIST_FILE = YES;
				INFOPLIST_FILE = Networking/Info.plist;
				INFOPLIST_KEY_UIApplicationSupportsIndirectInputEvents = YES;
				INFOPLIST_KEY_UILaunchStoryboardName = LaunchScreen;
				INFOPLIST_KEY_UIMainStoryboardFile = Main;
				INFOPLIST_KEY_UISupportedInterfaceOrientations_iPad = "UIInterfaceOrientationPortrait UIInterfaceOrientationPortraitUpsideDown UIInterfaceOrientationLandscapeLeft UIInterfaceOrientationLandscapeRight";
				INFOPLIST_KEY_UISupportedInterfaceOrientations_iPhone = "UIInterfaceOrientationPortrait UIInterfaceOrientationLandscapeLeft UIInterfaceOrientationLandscapeRight";
				LD_RUNPATH_SEARCH_PATHS = (
					"$(inherited)",
					"@executable_path/Frameworks",
				);
				MARKETING_VERSION = 1.0;
				PRODUCT_BUNDLE_IDENTIFIER = com.denkudevcorp.Networking;
				PRODUCT_NAME = "$(TARGET_NAME)";
				SWIFT_EMIT_LOC_STRINGS = YES;
				SWIFT_VERSION = 5.0;
				TARGETED_DEVICE_FAMILY = "1,2";
			};
			name = Debug;
		};
		B74C18F028C9D78500E3C5DA /* Release */ = {
			isa = XCBuildConfiguration;
			buildSettings = {
				ASSETCATALOG_COMPILER_APPICON_NAME = AppIcon;
				ASSETCATALOG_COMPILER_GLOBAL_ACCENT_COLOR_NAME = AccentColor;
				CODE_SIGN_STYLE = Automatic;
				CURRENT_PROJECT_VERSION = 1;
				DEVELOPMENT_TEAM = CB4JMU4R2F;
				GENERATE_INFOPLIST_FILE = YES;
				INFOPLIST_FILE = Networking/Info.plist;
				INFOPLIST_KEY_UIApplicationSupportsIndirectInputEvents = YES;
				INFOPLIST_KEY_UILaunchStoryboardName = LaunchScreen;
				INFOPLIST_KEY_UIMainStoryboardFile = Main;
				INFOPLIST_KEY_UISupportedInterfaceOrientations_iPad = "UIInterfaceOrientationPortrait UIInterfaceOrientationPortraitUpsideDown UIInterfaceOrientationLandscapeLeft UIInterfaceOrientationLandscapeRight";
				INFOPLIST_KEY_UISupportedInterfaceOrientations_iPhone = "UIInterfaceOrientationPortrait UIInterfaceOrientationLandscapeLeft UIInterfaceOrientationLandscapeRight";
				LD_RUNPATH_SEARCH_PATHS = (
					"$(inherited)",
					"@executable_path/Frameworks",
				);
				MARKETING_VERSION = 1.0;
				PRODUCT_BUNDLE_IDENTIFIER = com.denkudevcorp.Networking;
				PRODUCT_NAME = "$(TARGET_NAME)";
				SWIFT_EMIT_LOC_STRINGS = YES;
				SWIFT_VERSION = 5.0;
				TARGETED_DEVICE_FAMILY = "1,2";
			};
			name = Release;
		};
/* End XCBuildConfiguration section */

/* Begin XCConfigurationList section */
		B74C18D528C9D78500E3C5DA /* Build configuration list for PBXProject "Networking" */ = {
			isa = XCConfigurationList;
			buildConfigurations = (
				B74C18EC28C9D78500E3C5DA /* Debug */,
				B74C18ED28C9D78500E3C5DA /* Release */,
			);
			defaultConfigurationIsVisible = 0;
			defaultConfigurationName = Release;
		};
		B74C18EE28C9D78500E3C5DA /* Build configuration list for PBXNativeTarget "Networking" */ = {
			isa = XCConfigurationList;
			buildConfigurations = (
				B74C18EF28C9D78500E3C5DA /* Debug */,
				B74C18F028C9D78500E3C5DA /* Release */,
			);
			defaultConfigurationIsVisible = 0;
			defaultConfigurationName = Release;
		};
/* End XCConfigurationList section */
	};
	rootObject = B74C18D228C9D78500E3C5DA /* Project object */;
}
